
Microsoft Visual Studio Solution File, Format Version 12.00
# Visual Studio Version 17
VisualStudioVersion = 17.4.33205.214
MinimumVisualStudioVersion = 10.0.40219.1
Project("{9A19103F-16F7-4668-BE54-9A1E7A4F7556}") = "WCLManagement", "WCLManagement\WCLManagement.csproj", "{D6265D89-5CF4-42DC-AE10-5767211BF140}"
EndProject
Project("{FAE04EC0-301F-11D3-BF4B-00C04F79EFBC}") = "WCLManagement.WebApp", "WCLManagement.WebApp\WCLManagement.WebApp.csproj", "{37C5B9F5-5538-4375-B017-37EB816C9187}"
EndProject
Global
	GlobalSection(SolutionConfigurationPlatforms) = preSolution
		Debug|Any CPU = Debug|Any CPU
		Release|Any CPU = Release|Any CPU
	EndGlobalSection
	GlobalSection(ProjectConfigurationPlatforms) = postSolution
		{D6265D89-5CF4-42DC-AE10-5767211BF140}.Debug|Any CPU.ActiveCfg = Debug|Any CPU
		{D6265D89-5CF4-42DC-AE10-5767211BF140}.Debug|Any CPU.Build.0 = Debug|Any CPU
		{D6265D89-5CF4-42DC-AE10-5767211BF140}.Release|Any CPU.ActiveCfg = Release|Any CPU
		{D6265D89-5CF4-42DC-AE10-5767211BF140}.Release|Any CPU.Build.0 = Release|Any CPU
		{37C5B9F5-5538-4375-B017-37EB816C9187}.Debug|Any CPU.ActiveCfg = Debug|Any CPU
		{37C5B9F5-5538-4375-B017-37EB816C9187}.Debug|Any CPU.Build.0 = Debug|Any CPU
		{37C5B9F5-5538-4375-B017-37EB816C9187}.Release|Any CPU.ActiveCfg = Release|Any CPU
		{37C5B9F5-5538-4375-B017-37EB816C9187}.Release|Any CPU.Build.0 = Release|Any CPU
	EndGlobalSection
	GlobalSection(SolutionProperties) = preSolution
		HideSolutionNode = FALSE
	EndGlobalSection
	GlobalSection(ExtensibilityGlobals) = postSolution
		SolutionGuid = {877584E2-0139-4CEE-82E5-25289B3AA334}
	EndGlobalSection
EndGlobal
